# This file is generated by running "yarn install" inside your project.
# Manual changes might be lost - proceed with caution!

__metadata:
  version: 4

"three@npm:^0.115.0":
  version: 0.115.0
  resolution: "three@npm:0.115.0"
  checksum: 2/65bfc2085b4211e6c7f323eb5acb64f4342dd925541c6d0f2b408f6442d1adb2729e591d2d8cea3f59deb5dbdd53347ab1ac06982d0ca25518521ec4af4b0909
  languageName: node
  linkType: hard

"yarn-test@workspace:.":
  version: 0.0.0-use.local
  resolution: "yarn-test@workspace:."
  dependencies:
    three: ^0.115.0
  languageName: unknown
  linkType: soft
